// !$*UTF8*$!
{
	archiveVersion = 1;
	classes = {};
	objectVersion = 56;
	objects = {
		B0000000000000000000000E = {isa = PBXFileReference; lastKnownFileType = sourcecode.swift; path = ShortcutRoutingView.swift; sourceTree = "<group>"; };
		C0000000000000000000000E = {isa = PBXBuildFile; fileRef = B0000000000000000000000E; };
		B0000000000000000000000D = {isa = PBXFileReference; lastKnownFileType = sourcecode.swift; path = ErrorView.swift; sourceTree = "<group>"; };
		C0000000000000000000000D = {isa = PBXBuildFile; fileRef = B0000000000000000000000D; };
		B0000000000000000000000C = {isa = PBXFileReference; lastKnownFileType = sourcecode.swift; path = IconTile.swift; sourceTree = "<group>"; };
		C0000000000000000000000C = {isa = PBXBuildFile; fileRef = B0000000000000000000000C; };
		B0000000000000000000000B = {isa = PBXFileReference; lastKnownFileType = sourcecode.swift; path = PanelSection.swift; sourceTree = "<group>"; };
		C0000000000000000000000B = {isa = PBXBuildFile; fileRef = B0000000000000000000000B; };
		B0000000000000000000000A = {isa = PBXFileReference; lastKnownFileType = sourcecode.swift; path = ActionGroup.swift; sourceTree = "<group>"; };
		C0000000000000000000000A = {isa = PBXBuildFile; fileRef = B0000000000000000000000A; };
		B00000000000000000000009 = {isa = PBXFileReference; lastKnownFileType = sourcecode.swift; path = TrackInfoView.swift; sourceTree = "<group>"; };
		C00000000000000000000009 = {isa = PBXBuildFile; fileRef = B00000000000000000000009; };
		D00000000000000000000001 = {isa = PBXFileReference; lastKnownFileType = folder.assetcatalog; path = Assets.xcassets; sourceTree = "<group>"; };
		D00000000000000000000002 = {isa = PBXBuildFile; fileRef = D00000000000000000000001; };
		B00000000000000000000001 = {isa = PBXFileReference; lastKnownFileType = sourcecode.swift; path = AppModel.swift; sourceTree = "<group>"; };
		C00000000000000000000001 = {isa = PBXBuildFile; fileRef = B00000000000000000000001; };
		B00000000000000000000002 = {isa = PBXFileReference; lastKnownFileType = sourcecode.swift; path = MenuView.swift; sourceTree = "<group>"; };
		C00000000000000000000002 = {isa = PBXBuildFile; fileRef = B00000000000000000000002; };
		B00000000000000000000003 = {isa = PBXFileReference; lastKnownFileType = sourcecode.swift; path = SettingsView.swift; sourceTree = "<group>"; };
		C00000000000000000000003 = {isa = PBXBuildFile; fileRef = B00000000000000000000003; };
		B00000000000000000000004 = {isa = PBXFileReference; lastKnownFileType = sourcecode.swift; path = MediaKeys.swift; sourceTree = "<group>"; };
		C00000000000000000000004 = {isa = PBXBuildFile; fileRef = B00000000000000000000004; };
		B00000000000000000000005 = {isa = PBXFileReference; lastKnownFileType = sourcecode.swift; path = SonosHUD.swift; sourceTree = "<group>"; };
		C00000000000000000000005 = {isa = PBXBuildFile; fileRef = B00000000000000000000005; };
		B00000000000000000000006 = {isa = PBXFileReference; lastKnownFileType = sourcecode.swift; path = Sonos.swift; sourceTree = "<group>"; };
		C00000000000000000000006 = {isa = PBXBuildFile; fileRef = B00000000000000000000006; };
		B00000000000000000000007 = {isa = PBXFileReference; lastKnownFileType = sourcecode.swift; path = XML.swift; sourceTree = "<group>"; };
		C00000000000000000000007 = {isa = PBXBuildFile; fileRef = B00000000000000000000007; };

		B00000000000000000000008 = {isa = PBXFileReference; lastKnownFileType = sourcecode.swift; path = AboutView.swift; sourceTree = "<group>"; };
		C00000000000000000000008 = {isa = PBXBuildFile; fileRef = B00000000000000000000008; };

		A00000000000000000000001 = {isa = PBXBuildFile; fileRef = A00000000000000000000002; };
		A00000000000000000000002 = {isa = PBXFileReference; lastKnownFileType = sourcecode.swift; path = SonosKeys.swift; sourceTree = "<group>"; };
		A00000000000000000000003 = {isa = PBXFileReference; explicitFileType = wrapper.application; includeInIndex = 0; path = "Sonos Keys.app"; sourceTree = BUILT_PRODUCTS_DIR; };
		A00000000000000000000004 = {isa = PBXFileReference; lastKnownFileType = text.plist.xml; path = Info.plist; sourceTree = "<group>"; };
		A00000000000000000000005 = {isa = PBXGroup; children = (A00000000000000000000006, A00000000000000000000007, A00000000000000000000008, ); sourceTree = "<group>"; };
		A00000000000000000000006 = {isa = PBXGroup; children = (A00000000000000000000002, B00000000000000000000001, B00000000000000000000002, B00000000000000000000003, B00000000000000000000004, B00000000000000000000005, B00000000000000000000006, B00000000000000000000007, B00000000000000000000008, B00000000000000000000009, B0000000000000000000000A, B0000000000000000000000B, B0000000000000000000000C, B0000000000000000000000D, B0000000000000000000000E, ); path = Sources; sourceTree = "<group>"; };
		A00000000000000000000007 = {isa = PBXGroup; children = (A00000000000000000000004, D00000000000000000000001, ); path = Resources; sourceTree = "<group>"; };
		A00000000000000000000008 = {isa = PBXGroup; children = (A00000000000000000000003, ); name = Products; sourceTree = "<group>"; };
		A00000000000000000000009 = {isa = PBXSourcesBuildPhase; buildActionMask = 2147483647; files = (A00000000000000000000001, C00000000000000000000001, C00000000000000000000002, C00000000000000000000003, C00000000000000000000004, C00000000000000000000005, C00000000000000000000006, C00000000000000000000007, C00000000000000000000008, C00000000000000000000009, C0000000000000000000000A, C0000000000000000000000B, C0000000000000000000000C, C0000000000000000000000D, C0000000000000000000000E, ); runOnlyForDeploymentPostprocessing = 0; };
		A0000000000000000000000A = {isa = PBXFrameworksBuildPhase; buildActionMask = 2147483647; files = (); runOnlyForDeploymentPostprocessing = 0; };
		A0000000000000000000000B = {isa = PBXResourcesBuildPhase; buildActionMask = 2147483647; files = (D00000000000000000000002, ); runOnlyForDeploymentPostprocessing = 0; };
		A0000000000000000000000C = {
			isa = PBXNativeTarget;
			buildConfigurationList = A00000000000000000000010;
			buildPhases = (A00000000000000000000009, A0000000000000000000000A, A0000000000000000000000B, );
			buildRules = ();
			dependencies = ();
			name = SonosKeys;
			productName = "Sonos Keys";
			productReference = A00000000000000000000003;
			productType = "com.apple.product-type.application";
		};
		A0000000000000000000000D = {
			isa = PBXProject;
			attributes = {LastSwiftUpdateCheck = 1600; LastUpgradeCheck = 1600; };
			buildConfigurationList = A0000000000000000000000F;
			compatibilityVersion = "Xcode 14.0";
			developmentRegion = en;
			hasScannedForEncodings = 0;
			knownRegions = (en, Base, );
			mainGroup = A00000000000000000000005;
			productRefGroup = A00000000000000000000008;
			projectDirPath = "";
			projectRoot = "";
			targets = (A0000000000000000000000C, );
		};
		A0000000000000000000000F = {isa = XCConfigurationList; buildConfigurations = (A00000000000000000000011, A00000000000000000000012, ); defaultConfigurationIsVisible = 0; defaultConfigurationName = Release; };
		A00000000000000000000010 = {isa = XCConfigurationList; buildConfigurations = (A00000000000000000000013, A00000000000000000000014, ); defaultConfigurationIsVisible = 0; defaultConfigurationName = Release; };
		A00000000000000000000011 = {isa = XCBuildConfiguration; buildSettings = {ALWAYS_SEARCH_USER_PATHS = NO; SDKROOT = macosx; MACOSX_DEPLOYMENT_TARGET = 13.0; DEBUG_INFORMATION_FORMAT = dwarf; }; name = Debug; };
		A00000000000000000000012 = {isa = XCBuildConfiguration; buildSettings = {ALWAYS_SEARCH_USER_PATHS = NO; SDKROOT = macosx; MACOSX_DEPLOYMENT_TARGET = 13.0; DEBUG_INFORMATION_FORMAT = "dwarf-with-dsym"; }; name = Release; };
		A00000000000000000000013 = {
			isa = XCBuildConfiguration;
			buildSettings = {
				CODE_SIGN_IDENTITY = "-";
				DEVELOPMENT_TEAM = "";
				CODE_SIGN_STYLE = Manual;
				ENABLE_APP_SANDBOX = NO;
				ASSETCATALOG_COMPILER_APPICON_NAME = AppIcon;
				GENERATE_INFOPLIST_FILE = NO;
				INFOPLIST_FILE = Resources/Info.plist;
				PRODUCT_BUNDLE_IDENTIFIER = nl.xonaymedia.sonoskeys;
				PRODUCT_NAME = "Sonos Keys";
				EXECUTABLE_NAME = SonosKeys;
				SWIFT_VERSION = 5.0;
				SWIFT_OPTIMIZATION_LEVEL = "-Onone";
				SWIFT_ACTIVE_COMPILATION_CONDITIONS = DEBUG;
			};
			name = Debug;
		};
		A00000000000000000000014 = {
			isa = XCBuildConfiguration;
			buildSettings = {
				CODE_SIGN_IDENTITY = "-";
				DEVELOPMENT_TEAM = "";
				CODE_SIGN_STYLE = Manual;
				ENABLE_APP_SANDBOX = NO;
				ASSETCATALOG_COMPILER_APPICON_NAME = AppIcon;
				GENERATE_INFOPLIST_FILE = NO;
				INFOPLIST_FILE = Resources/Info.plist;
				PRODUCT_BUNDLE_IDENTIFIER = nl.xonaymedia.sonoskeys;
				PRODUCT_NAME = "Sonos Keys";
				EXECUTABLE_NAME = SonosKeys;
				SWIFT_VERSION = 5.0;
				SWIFT_OPTIMIZATION_LEVEL = "-O";
			};
			name = Release;
		};
	};
	rootObject = A0000000000000000000000D;
}
